<?xml version="1.0" encoding="Windows-1252"?>
<Project DefaultTargets="Build" ToolsVersion="4.0" xmlns="http://schemas.microsoft.com/developer/msbuild/2003">
	<ItemGroup>
		<ClInclude Include="ogg.hpp" />
		<ClInclude Include="stb_vorbis.h" />
	</ItemGroup>
	<ItemGroup>
		<ClCompile Include="ogg.cpp" />
	</ItemGroup>
	<ItemGroup>
		<None Include="ogg.mp.txt" />
	</ItemGroup>
	<ItemGroup>
	</ItemGroup>
</Project>
