<?xml version="1.0" encoding="Windows-1252"?>
<Project DefaultTargets="Build" ToolsVersion="4.0" xmlns="http://schemas.microsoft.com/developer/msbuild/2003">
	<ItemGroup>
		<ClInclude Include="main.hpp" />
		<ClInclude Include="doc.hpp" />
	</ItemGroup>
	<ItemGroup>
		<ClCompile Include="main.cpp" />
		<ClCompile Include="doc.cpp" />
		<ClCompile Include="doc_output.cpp" />
		<ClCompile Include="doc_makefile.cpp" />
	</ItemGroup>
	<ItemGroup>
		<None Include="todo.txt" />
		<None Include="makeproject.mp.txt" />
		<None Include="makeproject.txt" />
	</ItemGroup>
	<ItemGroup>
	</ItemGroup>
</Project>
