<?xml version="1.0" encoding="Windows-1252"?>
<Project DefaultTargets="Build" ToolsVersion="4.0" xmlns="http://schemas.microsoft.com/developer/msbuild/2003">
	<ItemGroup>
		<ClInclude Include="layoutwindow.hpp" />
		<ClInclude Include="markup.hpp" />
		<ClInclude Include="pdf.hpp" />
		<ClInclude Include="resources.hpp" />
	</ItemGroup>
	<ItemGroup>
		<ClCompile Include="layoutwindow.cpp" />
		<ClCompile Include="markup.cpp" />
		<ClCompile Include="pdf.cpp" />
		<ClCompile Include="resources.cpp" />
	</ItemGroup>
	<ItemGroup>
		<None Include="wiki.mp.txt" />
	</ItemGroup>
	<ItemGroup>
	</ItemGroup>
</Project>
